// !$*UTF8*$!
{
	archiveVersion = 1;
	classes = {
	};
	objectVersion = 77;
	objects = {

/* Begin PBXBuildFile section */
		5149627F3FCCCE640C4F2A32 /* LiveActivityAttributes.swift in Sources */ = {isa = PBXBuildFile; fileRef = BA832C39C1A46B54DC8F2ACB /* LiveActivityAttributes.swift */; };
		5E0D61060B480E395005797C /* DeckAppLiveActivities.appex in Embed Foundation Extensions */ = {isa = PBXBuildFile; fileRef = 9F358B3087C23145668D53DF /* DeckAppLiveActivities.appex */; settings = {ATTRIBUTES = (RemoveHeadersOnCopy, ); }; };
		6025AB991BACCC5BC1D7ECE0 /* DeckAppLiveActivitiesBundle.swift in Sources */ = {isa = PBXBuildFile; fileRef = BABEF853B2B7D00F9443CBA2 /* DeckAppLiveActivitiesBundle.swift */; };
		A10000000000000000000012 /* WebRTC in Frameworks */ = {isa = PBXBuildFile; productRef = A10000000000000000000011 /* WebRTC */; };
		A10000000000000000000017 /* CryptoSwift in Frameworks */ = {isa = PBXBuildFile; productRef = A10000000000000000000018 /* CryptoSwift */; };
		A10000000000000000000019 /* CocoaMQTT in Frameworks */ = {isa = PBXBuildFile; productRef = A1000000000000000000001A /* CocoaMQTT */; };
		A1085003CF52F72A1F62FD3D /* Foundation.framework in Frameworks */ = {isa = PBXBuildFile; fileRef = 2106FFD479A2F2F9B677A584 /* Foundation.framework */; };
		DED129EB52F3E7BC8781C0C3 /* LiveActivityAttributes.swift in Sources */ = {isa = PBXBuildFile; fileRef = BA832C39C1A46B54DC8F2ACB /* LiveActivityAttributes.swift */; };
/* End PBXBuildFile section */

/* Begin PBXContainerItemProxy section */
		59BC131EE878778B184D1022 /* PBXContainerItemProxy */ = {
			isa = PBXContainerItemProxy;
			containerPortal = A1000000000000000000000A /* Project object */;
			proxyType = 1;
			remoteGlobalIDString = 40EEFEA79A2B4FD1248C7382;
			remoteInfo = DeckAppLiveActivities;
		};
/* End PBXContainerItemProxy section */

/* Begin PBXCopyFilesBuildPhase section */
		BA0F7B0901FB8886903D6D59 /* Embed Foundation Extensions */ = {
			isa = PBXCopyFilesBuildPhase;
			buildActionMask = 2147483647;
			dstPath = "";
			dstSubfolderSpec = 13;
			files = (
				5E0D61060B480E395005797C /* DeckAppLiveActivities.appex in Embed Foundation Extensions */,
			);
			name = "Embed Foundation Extensions";
			runOnlyForDeploymentPostprocessing = 0;
		};
/* End PBXCopyFilesBuildPhase section */

/* Begin PBXFileReference section */
		2106FFD479A2F2F9B677A584 /* Foundation.framework */ = {isa = PBXFileReference; lastKnownFileType = wrapper.framework; name = Foundation.framework; path = Platforms/iPhoneOS.platform/Developer/SDKs/iPhoneOS26.0.sdk/System/Library/Frameworks/Foundation.framework; sourceTree = DEVELOPER_DIR; };
		9F358B3087C23145668D53DF /* DeckAppLiveActivities.appex */ = {isa = PBXFileReference; explicitFileType = "wrapper.app-extension"; includeInIndex = 0; path = DeckAppLiveActivities.appex; sourceTree = BUILT_PRODUCTS_DIR; };
		BA832C39C1A46B54DC8F2ACB /* LiveActivityAttributes.swift */ = {isa = PBXFileReference; includeInIndex = 1; lastKnownFileType = sourcecode.swift; path = LiveActivityAttributes.swift; sourceTree = "<group>"; };
		BABEF853B2B7D00F9443CBA2 /* DeckAppLiveActivitiesBundle.swift */ = {isa = PBXFileReference; includeInIndex = 1; lastKnownFileType = sourcecode.swift; name = DeckAppLiveActivitiesBundle.swift; path = DeckAppLiveActivitiesBundle.swift; sourceTree = "<group>"; };
/* End PBXFileReference section */

/* Begin PBXFileSystemSynchronizedBuildFileExceptionSet section */
		A10000000000000000000010 /* Exceptions for "DeckApp" folder in "DeckApp" target */ = {
			isa = PBXFileSystemSynchronizedBuildFileExceptionSet;
			membershipExceptions = (
				Supporting/Info.plist,
			);
			target = A10000000000000000000006 /* DeckApp */;
		};
/* End PBXFileSystemSynchronizedBuildFileExceptionSet section */

/* Begin PBXFileSystemSynchronizedRootGroup section */
		A10000000000000000000001 /* DeckApp */ = {
			isa = PBXFileSystemSynchronizedRootGroup;
			exceptions = (
				A10000000000000000000010 /* Exceptions for "DeckApp" folder in "DeckApp" target */,
			);
			path = DeckApp;
			sourceTree = "<group>";
		};
/* End PBXFileSystemSynchronizedRootGroup section */

/* Begin PBXFrameworksBuildPhase section */
		9537B95EB0F4D2935FA23650 /* Frameworks */ = {
			isa = PBXFrameworksBuildPhase;
			buildActionMask = 2147483647;
			files = (
				A1085003CF52F72A1F62FD3D /* Foundation.framework in Frameworks */,
			);
			runOnlyForDeploymentPostprocessing = 0;
		};
		A10000000000000000000002 /* Frameworks */ = {
			isa = PBXFrameworksBuildPhase;
			buildActionMask = 2147483647;
			files = (
				A10000000000000000000012 /* WebRTC in Frameworks */,
				A10000000000000000000017 /* CryptoSwift in Frameworks */,
				A10000000000000000000019 /* CocoaMQTT in Frameworks */,
			);
			runOnlyForDeploymentPostprocessing = 0;
		};
/* End PBXFrameworksBuildPhase section */

/* Begin PBXGroup section */
		08C6A206431D6829D30E2169 /* Frameworks */ = {
			isa = PBXGroup;
			children = (
				C768F23C6049295481E3F098 /* iOS */,
			);
			name = Frameworks;
			sourceTree = "<group>";
		};
		A10000000000000000000003 = {
			isa = PBXGroup;
			children = (
				A10000000000000000000001 /* DeckApp */,
				A10000000000000000000004 /* Products */,
				08C6A206431D6829D30E2169 /* Frameworks */,
				AAEC463C609D49330B182AEE /* DeckAppLiveActivities */,
				D5354C38FBDC82F750DF3FAC /* DeckAppShared */,
			);
			sourceTree = "<group>";
		};
		A10000000000000000000004 /* Products */ = {
			isa = PBXGroup;
			children = (
				9F358B3087C23145668D53DF /* DeckAppLiveActivities.appex */,
			);
			name = Products;
			sourceTree = "<group>";
		};
		AAEC463C609D49330B182AEE /* DeckAppLiveActivities */ = {
			isa = PBXGroup;
			children = (
				BABEF853B2B7D00F9443CBA2 /* DeckAppLiveActivitiesBundle.swift */,
			);
			name = DeckAppLiveActivities;
			path = DeckAppLiveActivities;
			sourceTree = "<group>";
		};
		C768F23C6049295481E3F098 /* iOS */ = {
			isa = PBXGroup;
			children = (
				2106FFD479A2F2F9B677A584 /* Foundation.framework */,
			);
			name = iOS;
			sourceTree = "<group>";
		};
		D5354C38FBDC82F750DF3FAC /* DeckAppShared */ = {
			isa = PBXGroup;
			children = (
				BA832C39C1A46B54DC8F2ACB /* LiveActivityAttributes.swift */,
			);
			name = DeckAppShared;
			path = DeckAppShared;
			sourceTree = "<group>";
		};
/* End PBXGroup section */

/* Begin PBXNativeTarget section */
		40EEFEA79A2B4FD1248C7382 /* DeckAppLiveActivities */ = {
			isa = PBXNativeTarget;
			buildConfigurationList = 9525E118424CEF124A7C0511 /* Build configuration list for PBXNativeTarget "DeckAppLiveActivities" */;
			buildPhases = (
				77EB775E7C78127C956C8C4C /* Sources */,
				9537B95EB0F4D2935FA23650 /* Frameworks */,
				83E65CA833E0DE6F22EBBA30 /* Resources */,
			);
			buildRules = (
			);
			dependencies = (
			);
			name = DeckAppLiveActivities;
			productName = DeckAppLiveActivities;
			productReference = 9F358B3087C23145668D53DF /* DeckAppLiveActivities.appex */;
			productType = "com.apple.product-type.app-extension";
		};
		A10000000000000000000006 /* DeckApp */ = {
			isa = PBXNativeTarget;
			buildConfigurationList = A10000000000000000000007 /* Build configuration list for PBXNativeTarget "DeckApp" */;
			buildPhases = (
				A10000000000000000000008 /* Sources */,
				A10000000000000000000002 /* Frameworks */,
				A10000000000000000000009 /* Resources */,
				BA0F7B0901FB8886903D6D59 /* Embed Foundation Extensions */,
			);
			buildRules = (
			);
			dependencies = (
				3459C50AAC39F7FC1F07E8C9 /* PBXTargetDependency */,
			);
			fileSystemSynchronizedGroups = (
				A10000000000000000000001 /* DeckApp */,
			);
			name = DeckApp;
			packageProductDependencies = (
				A10000000000000000000011 /* WebRTC */,
				A10000000000000000000018 /* CryptoSwift */,
				A1000000000000000000001A /* CocoaMQTT */,
			);
			productName = DeckApp;
			productType = "com.apple.product-type.application";
		};
/* End PBXNativeTarget section */

/* Begin PBXProject section */
		A1000000000000000000000A /* Project object */ = {
			isa = PBXProject;
			attributes = {
				BuildIndependentTargetsInParallel = 1;
				LastSwiftUpdateCheck = 2630;
				LastUpgradeCheck = 2630;
				TargetAttributes = {
					A10000000000000000000006 = {
						CreatedOnToolsVersion = 26.3;
					};
				};
			};
			buildConfigurationList = A1000000000000000000000B /* Build configuration list for PBXProject "DeckApp" */;
			developmentRegion = en;
			hasScannedForEncodings = 0;
			knownRegions = (
				en,
				Base,
			);
			mainGroup = A10000000000000000000003;
			minimizedProjectReferenceProxies = 1;
			packageReferences = (
				A10000000000000000000013 /* XCRemoteSwiftPackageReference "WebRTC" */,
				A10000000000000000000015 /* XCRemoteSwiftPackageReference "CryptoSwift" */,
				A10000000000000000000016 /* XCRemoteSwiftPackageReference "CocoaMQTT" */,
			);
			preferredProjectObjectVersion = 77;
			productRefGroup = A10000000000000000000004 /* Products */;
			projectDirPath = "";
			projectRoot = "";
			targets = (
				A10000000000000000000006 /* DeckApp */,
				40EEFEA79A2B4FD1248C7382 /* DeckAppLiveActivities */,
			);
		};
/* End PBXProject section */

/* Begin PBXResourcesBuildPhase section */
		83E65CA833E0DE6F22EBBA30 /* Resources */ = {
			isa = PBXResourcesBuildPhase;
			buildActionMask = 2147483647;
			files = (
			);
			runOnlyForDeploymentPostprocessing = 0;
		};
		A10000000000000000000009 /* Resources */ = {
			isa = PBXResourcesBuildPhase;
			buildActionMask = 2147483647;
			files = (
			);
			runOnlyForDeploymentPostprocessing = 0;
		};
/* End PBXResourcesBuildPhase section */

/* Begin PBXSourcesBuildPhase section */
		77EB775E7C78127C956C8C4C /* Sources */ = {
			isa = PBXSourcesBuildPhase;
			buildActionMask = 2147483647;
			files = (
				6025AB991BACCC5BC1D7ECE0 /* DeckAppLiveActivitiesBundle.swift in Sources */,
				5149627F3FCCCE640C4F2A32 /* LiveActivityAttributes.swift in Sources */,
			);
			runOnlyForDeploymentPostprocessing = 0;
		};
		A10000000000000000000008 /* Sources */ = {
			isa = PBXSourcesBuildPhase;
			buildActionMask = 2147483647;
			files = (
				DED129EB52F3E7BC8781C0C3 /* LiveActivityAttributes.swift in Sources */,
			);
			runOnlyForDeploymentPostprocessing = 0;
		};
/* End PBXSourcesBuildPhase section */

/* Begin PBXTargetDependency section */
		3459C50AAC39F7FC1F07E8C9 /* PBXTargetDependency */ = {
			isa = PBXTargetDependency;
			name = DeckAppLiveActivities;
			target = 40EEFEA79A2B4FD1248C7382 /* DeckAppLiveActivities */;
			targetProxy = 59BC131EE878778B184D1022 /* PBXContainerItemProxy */;
		};
/* End PBXTargetDependency section */

/* Begin XCBuildConfiguration section */
		099984E6516534F94E8C5441 /* Debug */ = {
			isa = XCBuildConfiguration;
			buildSettings = {
				CLANG_ENABLE_OBJC_WEAK = NO;
				CODE_SIGN_ENTITLEMENTS = DeckAppLiveActivities/DeckAppLiveActivities.entitlements;
				CODE_SIGN_STYLE = Automatic;
				CURRENT_PROJECT_VERSION = 1;
				DEVELOPMENT_TEAM = DZF7H8PH5P;
				GENERATE_INFOPLIST_FILE = NO;
				INFOPLIST_FILE = DeckAppLiveActivities/Info.plist;
				IPHONEOS_DEPLOYMENT_TARGET = 18.0;
				MARKETING_VERSION = 0.1.0;
				PRODUCT_BUNDLE_IDENTIFIER = com.example.DeckApp.LiveActivities;
				PRODUCT_NAME = "$(TARGET_NAME)";
				SDKROOT = iphoneos;
				SKIP_INSTALL = YES;
				SWIFT_EMIT_LOC_STRINGS = YES;
				SWIFT_VERSION = 6.0;
				TARGETED_DEVICE_FAMILY = "1,2";
			};
			name = Debug;
		};
		3FA98C57C9A906FD39DD7C3A /* Release */ = {
			isa = XCBuildConfiguration;
			buildSettings = {
				CLANG_ENABLE_OBJC_WEAK = NO;
				CODE_SIGN_ENTITLEMENTS = DeckAppLiveActivities/DeckAppLiveActivities.entitlements;
				CODE_SIGN_STYLE = Automatic;
				CURRENT_PROJECT_VERSION = 1;
				DEVELOPMENT_TEAM = DZF7H8PH5P;
				GENERATE_INFOPLIST_FILE = NO;
				INFOPLIST_FILE = DeckAppLiveActivities/Info.plist;
				IPHONEOS_DEPLOYMENT_TARGET = 18.0;
				MARKETING_VERSION = 0.1.0;
				PRODUCT_BUNDLE_IDENTIFIER = com.example.DeckApp.LiveActivities;
				PRODUCT_NAME = "$(TARGET_NAME)";
				SDKROOT = iphoneos;
				SKIP_INSTALL = YES;
				SWIFT_EMIT_LOC_STRINGS = YES;
				SWIFT_VERSION = 6.0;
				TARGETED_DEVICE_FAMILY = "1,2";
				VALIDATE_PRODUCT = YES;
			};
			name = Release;
		};
		A1000000000000000000000C /* Debug */ = {
			isa = XCBuildConfiguration;
			buildSettings = {
				ALWAYS_SEARCH_USER_PATHS = NO;
				CLANG_ENABLE_MODULES = YES;
				CLANG_ENABLE_OBJC_ARC = YES;
				CLANG_WARN_DOCUMENTATION_COMMENTS = YES;
				COPY_PHASE_STRIP = NO;
				DEBUG_INFORMATION_FORMAT = dwarf;
				ENABLE_TESTABILITY = YES;
				GCC_C_LANGUAGE_STANDARD = gnu17;
				GCC_OPTIMIZATION_LEVEL = 0;
				MTL_ENABLE_DEBUG_INFO = INCLUDE_SOURCE;
				ONLY_ACTIVE_ARCH = YES;
				SDKROOT = iphoneos;
				SWIFT_ACTIVE_COMPILATION_CONDITIONS = "DEBUG $(inherited)";
				SWIFT_OPTIMIZATION_LEVEL = "-Onone";
			};
			name = Debug;
		};
		A1000000000000000000000D /* Release */ = {
			isa = XCBuildConfiguration;
			buildSettings = {
				ALWAYS_SEARCH_USER_PATHS = NO;
				CLANG_ENABLE_MODULES = YES;
				CLANG_ENABLE_OBJC_ARC = YES;
				CLANG_WARN_DOCUMENTATION_COMMENTS = YES;
				COPY_PHASE_STRIP = NO;
				DEBUG_INFORMATION_FORMAT = "dwarf-with-dsym";
				GCC_C_LANGUAGE_STANDARD = gnu17;
				MTL_ENABLE_DEBUG_INFO = NO;
				SDKROOT = iphoneos;
				SWIFT_COMPILATION_MODE = wholemodule;
			};
			name = Release;
		};
		A1000000000000000000000E /* Debug */ = {
			isa = XCBuildConfiguration;
			buildSettings = {
				ASSETCATALOG_COMPILER_GENERATE_SWIFT_ASSET_SYMBOL_EXTENSIONS = YES;
				CODE_SIGN_ENTITLEMENTS = DeckApp/Supporting/DeckApp.entitlements;
				CODE_SIGN_STYLE = Automatic;
				CURRENT_PROJECT_VERSION = 1;
				DEVELOPMENT_TEAM = DZF7H8PH5P;
				ENABLE_PREVIEWS = YES;
				GENERATE_INFOPLIST_FILE = NO;
				INFOPLIST_FILE = DeckApp/Supporting/Info.plist;
				INFOPLIST_KEY_CFBundleDisplayName = "My Room";
				INFOPLIST_KEY_LSApplicationCategoryType = "public.app-category.lifestyle";
				INFOPLIST_KEY_NSAppTransportSecurity_NSAllowsLocalNetworking = YES;
				INFOPLIST_KEY_NSLocalNetworkUsageDescription = "DeckApp connects to Home Assistant, Bitfocus Companion, and your paired Windows Control Agent on your private network.";
				INFOPLIST_KEY_UIApplicationSceneManifest_Generation = YES;
				INFOPLIST_KEY_UIApplicationSupportsIndirectInputEvents = YES;
				INFOPLIST_KEY_UILaunchScreen_Generation = YES;
				INFOPLIST_KEY_UISupportedInterfaceOrientations = "UIInterfaceOrientationPortrait UIInterfaceOrientationLandscapeLeft UIInterfaceOrientationLandscapeRight";
				INFOPLIST_KEY_UISupportedInterfaceOrientations_iPad = "UIInterfaceOrientationPortrait UIInterfaceOrientationPortraitUpsideDown UIInterfaceOrientationLandscapeLeft UIInterfaceOrientationLandscapeRight";
				IPHONEOS_DEPLOYMENT_TARGET = 18.0;
				LD_RUNPATH_SEARCH_PATHS = (
					"$(inherited)",
					"@executable_path/Frameworks",
				);
				MARKETING_VERSION = 0.1.0;
				PRODUCT_BUNDLE_IDENTIFIER = com.example.DeckApp;
				PRODUCT_NAME = "$(TARGET_NAME)";
				SWIFT_DEFAULT_ACTOR_ISOLATION = MainActor;
				SWIFT_EMIT_LOC_STRINGS = YES;
				SWIFT_STRICT_CONCURRENCY = complete;
				SWIFT_VERSION = 6.0;
				TARGETED_DEVICE_FAMILY = "1,2";
			};
			name = Debug;
		};
		A1000000000000000000000F /* Release */ = {
			isa = XCBuildConfiguration;
			buildSettings = {
				ASSETCATALOG_COMPILER_GENERATE_SWIFT_ASSET_SYMBOL_EXTENSIONS = YES;
				CODE_SIGN_ENTITLEMENTS = DeckApp/Supporting/DeckApp.entitlements;
				CODE_SIGN_STYLE = Automatic;
				CURRENT_PROJECT_VERSION = 1;
				DEVELOPMENT_TEAM = DZF7H8PH5P;
				GENERATE_INFOPLIST_FILE = NO;
				INFOPLIST_FILE = DeckApp/Supporting/Info.plist;
				INFOPLIST_KEY_CFBundleDisplayName = "My Room";
				INFOPLIST_KEY_LSApplicationCategoryType = "public.app-category.lifestyle";
				INFOPLIST_KEY_NSAppTransportSecurity_NSAllowsLocalNetworking = YES;
				INFOPLIST_KEY_NSLocalNetworkUsageDescription = "DeckApp connects to Home Assistant, Bitfocus Companion, and your paired Windows Control Agent on your private network.";
				INFOPLIST_KEY_UIApplicationSceneManifest_Generation = YES;
				INFOPLIST_KEY_UIApplicationSupportsIndirectInputEvents = YES;
				INFOPLIST_KEY_UILaunchScreen_Generation = YES;
				INFOPLIST_KEY_UISupportedInterfaceOrientations = "UIInterfaceOrientationPortrait UIInterfaceOrientationLandscapeLeft UIInterfaceOrientationLandscapeRight";
				INFOPLIST_KEY_UISupportedInterfaceOrientations_iPad = "UIInterfaceOrientationPortrait UIInterfaceOrientationPortraitUpsideDown UIInterfaceOrientationLandscapeLeft UIInterfaceOrientationLandscapeRight";
				IPHONEOS_DEPLOYMENT_TARGET = 18.0;
				LD_RUNPATH_SEARCH_PATHS = (
					"$(inherited)",
					"@executable_path/Frameworks",
				);
				MARKETING_VERSION = 0.1.0;
				PRODUCT_BUNDLE_IDENTIFIER = com.example.DeckApp;
				PRODUCT_NAME = "$(TARGET_NAME)";
				SWIFT_DEFAULT_ACTOR_ISOLATION = MainActor;
				SWIFT_EMIT_LOC_STRINGS = YES;
				SWIFT_STRICT_CONCURRENCY = complete;
				SWIFT_VERSION = 6.0;
				TARGETED_DEVICE_FAMILY = "1,2";
			};
			name = Release;
		};
/* End XCBuildConfiguration section */

/* Begin XCConfigurationList section */
		9525E118424CEF124A7C0511 /* Build configuration list for PBXNativeTarget "DeckAppLiveActivities" */ = {
			isa = XCConfigurationList;
			buildConfigurations = (
				3FA98C57C9A906FD39DD7C3A /* Release */,
				099984E6516534F94E8C5441 /* Debug */,
			);
			defaultConfigurationIsVisible = 0;
			defaultConfigurationName = Release;
		};
		A10000000000000000000007 /* Build configuration list for PBXNativeTarget "DeckApp" */ = {
			isa = XCConfigurationList;
			buildConfigurations = (
				A1000000000000000000000E /* Debug */,
				A1000000000000000000000F /* Release */,
			);
			defaultConfigurationIsVisible = 0;
			defaultConfigurationName = Release;
		};
		A1000000000000000000000B /* Build configuration list for PBXProject "DeckApp" */ = {
			isa = XCConfigurationList;
			buildConfigurations = (
				A1000000000000000000000C /* Debug */,
				A1000000000000000000000D /* Release */,
			);
			defaultConfigurationIsVisible = 0;
			defaultConfigurationName = Release;
		};
/* End XCConfigurationList section */

/* Begin XCRemoteSwiftPackageReference section */
		A10000000000000000000013 /* XCRemoteSwiftPackageReference "WebRTC" */ = {
			isa = XCRemoteSwiftPackageReference;
			repositoryURL = "https://github.com/stasel/WebRTC";
			requirement = {
				kind = upToNextMajorVersion;
				minimumVersion = 151.0.0;
			};
		};
		A10000000000000000000015 /* XCRemoteSwiftPackageReference "CryptoSwift" */ = {
			isa = XCRemoteSwiftPackageReference;
			repositoryURL = "https://github.com/krzyzanowskim/CryptoSwift";
			requirement = {
				kind = upToNextMajorVersion;
				minimumVersion = 1.8.0;
			};
		};
		A10000000000000000000016 /* XCRemoteSwiftPackageReference "CocoaMQTT" */ = {
			isa = XCRemoteSwiftPackageReference;
			repositoryURL = "https://github.com/emqx/CocoaMQTT";
			requirement = {
				kind = upToNextMajorVersion;
				minimumVersion = 2.1.0;
			};
		};
/* End XCRemoteSwiftPackageReference section */

/* Begin XCSwiftPackageProductDependency section */
		A10000000000000000000011 /* WebRTC */ = {
			isa = XCSwiftPackageProductDependency;
			package = A10000000000000000000013 /* XCRemoteSwiftPackageReference "WebRTC" */;
			productName = WebRTC;
		};
		A10000000000000000000018 /* CryptoSwift */ = {
			isa = XCSwiftPackageProductDependency;
			package = A10000000000000000000015 /* XCRemoteSwiftPackageReference "CryptoSwift" */;
			productName = CryptoSwift;
		};
		A1000000000000000000001A /* CocoaMQTT */ = {
			isa = XCSwiftPackageProductDependency;
			package = A10000000000000000000016 /* XCRemoteSwiftPackageReference "CocoaMQTT" */;
			productName = CocoaMQTT;
		};
/* End XCSwiftPackageProductDependency section */
	};
	rootObject = A1000000000000000000000A /* Project object */;
}
